<?xml version="1.0" encoding="UTF-8" standalone="yes" ?>
<CodeBlocks_project_file>
	<FileVersion major="1" minor="6" />
	<Project>
		<Option title="WalOS" />
		<Option makefile_is_custom="1" />
		<Option execution_dir="/home/walon/Project/WalOS" />
		<Option pch_mode="2" />
		<Option compiler="gcc" />
		<Option virtualFolders="include/kernel/;" />
		<Build>
			<Target title="build">
				<Option output="build/WalOS" prefix_auto="1" extension_auto="1" />
				<Option object_output="/home/walon/Project/WalOS/.objs" />
				<Option type="1" />
				<Option compiler="gcc" />
				<Compiler>
					<Add option="-O2" />
				</Compiler>
				<Linker>
					<Add option="-s" />
				</Linker>
				<MakeCommands>
					<Build command="$make" />
					<CompileFile command="$make" />
					<Clean command="$make clean" />
					<DistClean command="$make -f $makefile distclean$target" />
					<AskRebuildNeeded command="" />
					<SilentBuild command="$make &gt; $(CMD_NULL)" />
				</MakeCommands>
			</Target>
		</Build>
		<Compiler>
			<Add option="-Wall" />
		</Compiler>
		<Unit filename="Makefile" />
		<Unit filename="README.md" />
		<Unit filename="bochsrc" />
		<Unit filename="boot/boot.ld" />
		<Unit filename="boot/boot.s" />
		<Unit filename="boot/include/common.s" />
		<Unit filename="boot/include/fat12.s" />
		<Unit filename="boot/include/pm.s" />
		<Unit filename="boot/loader.ld" />
		<Unit filename="boot/loader.s" />
		<Unit filename="include/kernel/attribute.h" />
		<Unit filename="include/kernel/console.h" />
		<Unit filename="include/kernel/core.h" />
		<Unit filename="include/kernel/exception.h" />
		<Unit filename="include/kernel/global.h" />
		<Unit filename="include/kernel/hdd.h" />
		<Unit filename="include/kernel/interrupt.h" />
		<Unit filename="include/kernel/io.h" />
		<Unit filename="include/kernel/keyboard.h" />
		<Unit filename="include/kernel/message.h" />
		<Unit filename="include/kernel/process.h" />
		<Unit filename="include/kernel/system.h" />
		<Unit filename="include/kernel/vga.h" />
		<Unit filename="include/lib/common.h" />
		<Unit filename="include/lib/debug.h" />
		<Unit filename="include/lib/string.h" />
		<Unit filename="include/type.h" />
		<Unit filename="kernel/console.c">
			<Option compilerVar="CC" />
		</Unit>
		<Unit filename="kernel/core.c">
			<Option compilerVar="CC" />
		</Unit>
		<Unit filename="kernel/exception.c">
			<Option compilerVar="CC" />
		</Unit>
		<Unit filename="kernel/fs.c">
			<Option compilerVar="CC" />
		</Unit>
		<Unit filename="kernel/gas/entry.ld" />
		<Unit filename="kernel/gas/entry.s" />
		<Unit filename="kernel/gas/exception.s" />
		<Unit filename="kernel/gas/interrupt.s" />
		<Unit filename="kernel/gas/macro.inc" />
		<Unit filename="kernel/gas/sys_call.s" />
		<Unit filename="kernel/global.c">
			<Option compilerVar="CC" />
		</Unit>
		<Unit filename="kernel/hdd.c">
			<Option compilerVar="CC" />
		</Unit>
		<Unit filename="kernel/interrupt.c">
			<Option compilerVar="CC" />
			<Option virtualFolder="include/kernel/" />
		</Unit>
		<Unit filename="kernel/message.c">
			<Option compilerVar="CC" />
		</Unit>
		<Unit filename="kernel/process.c">
			<Option compilerVar="CC" />
		</Unit>
		<Unit filename="kernel/system.c">
			<Option compilerVar="CC" />
		</Unit>
		<Unit filename="lib/common.c">
			<Option compilerVar="CC" />
		</Unit>
		<Unit filename="lib/debug.c">
			<Option compilerVar="CC" />
		</Unit>
		<Unit filename="lib/string.c">
			<Option compilerVar="CC" />
		</Unit>
		<Unit filename="start.sh" />
		<Extensions>
			<code_completion />
			<debugger />
			<envvars />
		</Extensions>
	</Project>
</CodeBlocks_project_file>
